{
  "nodes": {
    "flake-utils": {
      "inputs": {
        "systems": "systems"
      },
      "locked": {
        "lastModified": 1694529238,
        "narHash": "sha256-zsNZZGTGnMOf9YpHKJqMSsa0dXbfmxeoJ7xHlrt+xmY=",
        "owner": "numtide",
        "repo": "flake-utils",
        "rev": "ff7b65b44d01cf9ba6a71320833626af21126384",
        "type": "github"
      },
      "original": {
        "owner": "numtide",
        "repo": "flake-utils",
        "type": "github"
      }
    },
    "flake-utils_2": {
      "locked": {
        "lastModified": 1667395993,
        "narHash": "sha256-nuEHfE/LcWyuSWnS8t12N1wc105Qtau+/OdUAjtQ0rA=",
        "owner": "numtide",
        "repo": "flake-utils",
        "rev": "5aed5285a952e0b949eb3ba02c12fa4fcfef535f",
        "type": "github"
      },
      "original": {
        "owner": "numtide",
        "repo": "flake-utils",
        "type": "github"
      }
    },
    "lsplens-src": {
      "flake": false,
      "locked": {
        "lastModified": 1697961869,
        "narHash": "sha256-oVhvM6IbspGsj2XRJTUZsOdGGf2fLjpDi5rsYmtTQOs=",
        "owner": "VidocqH",
        "repo": "lsp-lens.nvim",
        "rev": "739c9cf3a8c72c913427ae953c01ebb7b1cc1c00",
        "type": "github"
      },
      "original": {
        "owner": "VidocqH",
        "repo": "lsp-lens.nvim",
        "type": "github"
      }
    },
    "muren-src": {
      "flake": false,
      "locked": {
        "lastModified": 1693085794,
        "narHash": "sha256-KDXytsyvUQVZoKdr6ieoUE3e0v5NT2gf3M1d15aYVFs=",
        "owner": "AckslD",
        "repo": "muren.nvim",
        "rev": "818c09097dba1322b2ca099e35f7471feccfef93",
        "type": "github"
      },
      "original": {
        "owner": "AckslD",
        "repo": "muren.nvim",
        "type": "github"
      }
    },
    "navbuddy-src": {
      "flake": false,
      "locked": {
        "lastModified": 1694669446,
        "narHash": "sha256-zy1Tq8M5UITNAwtAlFYaUFlHnIZ5LWD9ZLaZcy7ulQ8=",
        "owner": "SmiteshP",
        "repo": "nvim-navbuddy",
        "rev": "f137a3466a6cd1965cdcc5398daff54e66eebbe5",
        "type": "github"
      },
      "original": {
        "owner": "SmiteshP",
        "repo": "nvim-navbuddy",
        "type": "github"
      }
    },
    "neovim": {
      "inputs": {
        "flake-utils": "flake-utils_2",
        "nixpkgs": [
          "nixpkgs"
        ]
      },
      "locked": {
        "dir": "contrib",
        "lastModified": 1696883897,
        "narHash": "sha256-Lyo98cAs7Zhx23N4s4f3zpWFKYJMmXleWpt3wiVDQZo=",
        "owner": "neovim",
        "repo": "neovim",
        "rev": "d772f697a281ce9c58bf933997b87c7f27428a60",
        "type": "github"
      },
      "original": {
        "dir": "contrib",
        "owner": "neovim",
        "ref": "v0.9.4",
        "repo": "neovim",
        "type": "github"
      }
    },
    "nixpkgs": {
      "locked": {
        "lastModified": 1698389505,
        "narHash": "sha256-zmTkCCDKB4/f7XJBky7WqyBvEUfp3KaL49WjbN3Jf8o=",
        "owner": "NixOS",
        "repo": "nixpkgs",
        "rev": "d6ada5d880ebdd9ff0a752a4ab4f07231f368fd6",
        "type": "github"
      },
      "original": {
        "owner": "NixOS",
        "repo": "nixpkgs",
        "type": "github"
      }
    },
    "noneckpain-src": {
      "flake": false,
      "locked": {
        "lastModified": 1698317254,
        "narHash": "sha256-JzNz+f7kCaBl52aVGWUYbY32bIvZBPVRFtACZGQNdsg=",
        "owner": "shortcuts",
        "repo": "no-neck-pain.nvim",
        "rev": "e32701cd26c590be614fc85d7cf36c9994c3a936",
        "type": "github"
      },
      "original": {
        "owner": "shortcuts",
        "repo": "no-neck-pain.nvim",
        "type": "github"
      }
    },
    "root": {
      "inputs": {
        "flake-utils": "flake-utils",
        "lsplens-src": "lsplens-src",
        "muren-src": "muren-src",
        "navbuddy-src": "navbuddy-src",
        "neovim": "neovim",
        "nixpkgs": "nixpkgs",
        "noneckpain-src": "noneckpain-src",
        "telescope-recent-files-src": "telescope-recent-files-src"
      }
    },
    "systems": {
      "locked": {
        "lastModified": 1681028828,
        "narHash": "sha256-Vy1rq5AaRuLzOxct8nz4T6wlgyUR7zLU309k9mBC768=",
        "owner": "nix-systems",
        "repo": "default",
        "rev": "da67096a3b9bf56a91d16901293e51ba5b49a27e",
        "type": "github"
      },
      "original": {
        "owner": "nix-systems",
        "repo": "default",
        "type": "github"
      }
    },
    "telescope-recent-files-src": {
      "flake": false,
      "locked": {
        "lastModified": 1668872770,
        "narHash": "sha256-RSbB+fODF7o+n1aF9rYKP4ANPkyxQgi+3ZymTFd2BMI=",
        "owner": "smartpde",
        "repo": "telescope-recent-files",
        "rev": "6893cda11625254cc7dc2ea76e0a100c7deeb028",
        "type": "github"
      },
      "original": {
        "owner": "smartpde",
        "repo": "telescope-recent-files",
        "type": "github"
      }
    }
  },
  "root": "root",
  "version": 7
}
