{
  "nodes": {
    "flake-parts": {
      "inputs": {
        "nixpkgs-lib": [
          "neovimNightlyOverlay",
          "nixpkgs"
        ]
      },
      "locked": {
        "lastModified": 1768135262,
        "narHash": "sha256-PVvu7OqHBGWN16zSi6tEmPwwHQ4rLPU9Plvs8/1TUBY=",
        "owner": "hercules-ci",
        "repo": "flake-parts",
        "rev": "80daad04eddbbf5a4d883996a73f3f542fa437ac",
        "type": "github"
      },
      "original": {
        "owner": "hercules-ci",
        "repo": "flake-parts",
        "type": "github"
      }
    },
    "haumea": {
      "inputs": {
        "nixpkgs": [
          "nixpkgs"
        ]
      },
      "locked": {
        "lastModified": 1708375098,
        "narHash": "sha256-DaFJp3wDHgOqx98U0SF57bXaH2Orp106c+jSdPCVu1E=",
        "owner": "nix-community",
        "repo": "haumea",
        "rev": "ec6350fd9353e7f27ce0e85d31f82e3ed73e4d70",
        "type": "github"
      },
      "original": {
        "owner": "nix-community",
        "repo": "haumea",
        "type": "github"
      }
    },
    "haumea_2": {
      "inputs": {
        "nixpkgs": [
          "neovim-nix-utils",
          "nixpkgs"
        ]
      },
      "locked": {
        "lastModified": 1708375098,
        "narHash": "sha256-DaFJp3wDHgOqx98U0SF57bXaH2Orp106c+jSdPCVu1E=",
        "owner": "nix-community",
        "repo": "haumea",
        "rev": "ec6350fd9353e7f27ce0e85d31f82e3ed73e4d70",
        "type": "github"
      },
      "original": {
        "owner": "nix-community",
        "repo": "haumea",
        "type": "github"
      }
    },
    "neovim-nix-utils": {
      "inputs": {
        "haumea": "haumea_2",
        "nixpkgs": [
          "nixpkgs"
        ],
        "utils": "utils"
      },
      "locked": {
        "lastModified": 1761830517,
        "narHash": "sha256-Yb/8r/yMvTfeUy9pH3bIWtCWxRA6y++zHgJJ+wIJsiE=",
        "owner": "PrimaMateria",
        "repo": "neovim-nix-utils",
        "rev": "d9786fc73e5650260661072c544810976c4858ba",
        "type": "github"
      },
      "original": {
        "owner": "PrimaMateria",
        "repo": "neovim-nix-utils",
        "type": "github"
      }
    },
    "neovim-src": {
      "flake": false,
      "locked": {
        "lastModified": 1769125444,
        "narHash": "sha256-KOVSBncEUsn5ZqbkaDo5GhXWCoKqdZGij/KnLH5CoVI=",
        "owner": "neovim",
        "repo": "neovim",
        "rev": "c39d18ee939cba5f905416fcc97661b1836f4de4",
        "type": "github"
      },
      "original": {
        "owner": "neovim",
        "repo": "neovim",
        "type": "github"
      }
    },
    "neovimNightlyOverlay": {
      "inputs": {
        "flake-parts": "flake-parts",
        "neovim-src": "neovim-src",
        "nixpkgs": [
          "nixpkgs"
        ]
      },
      "locked": {
        "lastModified": 1769126721,
        "narHash": "sha256-vMWf9C4LK2fshCKgUYGR0fn4/3qg2/sWyFILv4YYTB8=",
        "owner": "nix-community",
        "repo": "neovim-nightly-overlay",
        "rev": "7c77dcce004c0845da25e0fe9a6c8b11bd46e614",
        "type": "github"
      },
      "original": {
        "owner": "nix-community",
        "repo": "neovim-nightly-overlay",
        "type": "github"
      }
    },
    "nixpkgs": {
      "locked": {
        "lastModified": 1769156132,
        "narHash": "sha256-fgT9MwAZVsAJGfI6x//Kn86wUcpjLspg1vKDR7AnQUk=",
        "owner": "nixos",
        "repo": "nixpkgs",
        "rev": "3618224e3f5cd36d0c27968e30a9320e976062ba",
        "type": "github"
      },
      "original": {
        "owner": "nixos",
        "ref": "master",
        "repo": "nixpkgs",
        "type": "github"
      }
    },
    "plugin-aider": {
      "flake": false,
      "locked": {
        "lastModified": 1761640116,
        "narHash": "sha256-LHSDfn9I+Ff83u8DZlom7fgZNwqSZ1h72y6NJq0eKTw=",
        "owner": "GeorgesAlkhouri",
        "repo": "nvim-aider",
        "rev": "c8a4f952937d54f17dc23bd378e9e3b373f502b2",
        "type": "github"
      },
      "original": {
        "owner": "GeorgesAlkhouri",
        "repo": "nvim-aider",
        "type": "github"
      }
    },
    "plugin-avante": {
      "flake": false,
      "locked": {
        "lastModified": 1768917568,
        "narHash": "sha256-Argj2bV8RAFE0jFB9FBlYCNzakZpPmcZxsJJln46n1g=",
        "owner": "yetone",
        "repo": "avante.nvim",
        "rev": "e1e70be8ee34144d3ce4b0608e9b30aab3feb701",
        "type": "github"
      },
      "original": {
        "owner": "yetone",
        "repo": "avante.nvim",
        "type": "github"
      }
    },
    "plugin-codecompanion-copilot-enterprise-nvim": {
      "flake": false,
      "locked": {
        "lastModified": 1764934945,
        "narHash": "sha256-6WCYBP169HZ3e6qXWZUto7NPL4CGrcWrvBSIVsc82FY=",
        "path": "/home/primamateria/dev/codecompanion-copilot-enterprise.nvim",
        "type": "path"
      },
      "original": {
        "path": "/home/primamateria/dev/codecompanion-copilot-enterprise.nvim",
        "type": "path"
      }
    },
    "plugin-lsplens": {
      "flake": false,
      "locked": {
        "lastModified": 1701948425,
        "narHash": "sha256-zj/Gn/40jnDNh05OFc23LNNuFn1PnIAUDfPquEWpAlk=",
        "owner": "VidocqH",
        "repo": "lsp-lens.nvim",
        "rev": "48bb1a7e271424c15f3d588d54adc9b7c319d977",
        "type": "github"
      },
      "original": {
        "owner": "VidocqH",
        "repo": "lsp-lens.nvim",
        "type": "github"
      }
    },
    "plugin-resolve-nvim": {
      "flake": false,
      "locked": {
        "lastModified": 1769364340,
        "narHash": "sha256-BuGUDSD/RdzcpFrQ51M48XabNAwyQEZvQG8xOPZPZcA=",
        "owner": "spacedentist",
        "repo": "resolve.nvim",
        "rev": "1ed8bcc9ce7d43a0e8e05d0001c9cadb822d95a8",
        "type": "github"
      },
      "original": {
        "owner": "spacedentist",
        "repo": "resolve.nvim",
        "type": "github"
      }
    },
    "plugin-tiny-glimmer-nvim": {
      "flake": false,
      "locked": {
        "lastModified": 1768811823,
        "narHash": "sha256-Lgdeu3xRXKf7YcuPKPnVvECzQR+RzC0bM+AiilHLLVg=",
        "owner": "rachartier",
        "repo": "tiny-glimmer.nvim",
        "rev": "932e6c2cc4a43ce578f007db1f8f61ad6798f938",
        "type": "github"
      },
      "original": {
        "owner": "rachartier",
        "repo": "tiny-glimmer.nvim",
        "type": "github"
      }
    },
    "plugin-typescript-tools-nvim": {
      "flake": false,
      "locked": {
        "lastModified": 1763457127,
        "narHash": "sha256-CM5iwUUr7fZeGBL8A3L1NdaeWxV7Xai59ZE+l81Bm0A=",
        "owner": "pmizio",
        "repo": "typescript-tools.nvim",
        "rev": "c2f5910074103705661e9651aa841e0d7eea9932",
        "type": "github"
      },
      "original": {
        "owner": "pmizio",
        "repo": "typescript-tools.nvim",
        "type": "github"
      }
    },
    "root": {
      "inputs": {
        "haumea": "haumea",
        "neovim-nix-utils": "neovim-nix-utils",
        "neovimNightlyOverlay": "neovimNightlyOverlay",
        "nixpkgs": "nixpkgs",
        "plugin-aider": "plugin-aider",
        "plugin-avante": "plugin-avante",
        "plugin-codecompanion-copilot-enterprise-nvim": "plugin-codecompanion-copilot-enterprise-nvim",
        "plugin-lsplens": "plugin-lsplens",
        "plugin-resolve-nvim": "plugin-resolve-nvim",
        "plugin-tiny-glimmer-nvim": "plugin-tiny-glimmer-nvim",
        "plugin-typescript-tools-nvim": "plugin-typescript-tools-nvim",
        "utils": "utils_2"
      }
    },
    "systems": {
      "locked": {
        "lastModified": 1681028828,
        "narHash": "sha256-Vy1rq5AaRuLzOxct8nz4T6wlgyUR7zLU309k9mBC768=",
        "owner": "nix-systems",
        "repo": "default",
        "rev": "da67096a3b9bf56a91d16901293e51ba5b49a27e",
        "type": "github"
      },
      "original": {
        "owner": "nix-systems",
        "repo": "default",
        "type": "github"
      }
    },
    "systems_2": {
      "locked": {
        "lastModified": 1681028828,
        "narHash": "sha256-Vy1rq5AaRuLzOxct8nz4T6wlgyUR7zLU309k9mBC768=",
        "owner": "nix-systems",
        "repo": "default",
        "rev": "da67096a3b9bf56a91d16901293e51ba5b49a27e",
        "type": "github"
      },
      "original": {
        "owner": "nix-systems",
        "repo": "default",
        "type": "github"
      }
    },
    "utils": {
      "inputs": {
        "systems": "systems"
      },
      "locked": {
        "lastModified": 1731533236,
        "narHash": "sha256-l0KFg5HjrsfsO/JpG+r7fRrqm12kzFHyUHqHCVpMMbI=",
        "owner": "numtide",
        "repo": "flake-utils",
        "rev": "11707dc2f618dd54ca8739b309ec4fc024de578b",
        "type": "github"
      },
      "original": {
        "owner": "numtide",
        "repo": "flake-utils",
        "type": "github"
      }
    },
    "utils_2": {
      "inputs": {
        "systems": "systems_2"
      },
      "locked": {
        "lastModified": 1731533236,
        "narHash": "sha256-l0KFg5HjrsfsO/JpG+r7fRrqm12kzFHyUHqHCVpMMbI=",
        "owner": "numtide",
        "repo": "flake-utils",
        "rev": "11707dc2f618dd54ca8739b309ec4fc024de578b",
        "type": "github"
      },
      "original": {
        "owner": "numtide",
        "repo": "flake-utils",
        "type": "github"
      }
    }
  },
  "root": "root",
  "version": 7
}
